<?xml version="1.0" encoding="utf-8"?>
<Project ToolsVersion="4.0" xmlns="http://schemas.microsoft.com/developer/msbuild/2003">
  <ItemGroup>
    <Filter Include="Source Files">
      <UniqueIdentifier>{4FC737F1-C7A5-4376-A066-2A32D752A2FF}</UniqueIdentifier>
      <Extensions>cpp;c;cc;cxx;def;odl;idl;hpj;bat;asm;asmx</Extensions>
    </Filter>
    <Filter Include="Core">
      <UniqueIdentifier>{1253c792-23e4-46a9-8ccd-2e1cc5e6f55e}</UniqueIdentifier>
    </Filter>
    <Filter Include="Shaders">
      <UniqueIdentifier>{654777e2-4d6a-44aa-89d4-84415ba672c6}</UniqueIdentifier>
    </Filter>
    <Filter Include="GUI">
      <UniqueIdentifier>{16f73f5c-825d-443a-b848-3213eea2d93f}</UniqueIdentifier>
    </Filter>
    <Filter Include="Scene">
      <UniqueIdentifier>{4bdaeced-f549-45fa-83f8-591b9ccc50da}</UniqueIdentifier>
    </Filter>
    <Filter Include="Simulation">
      <UniqueIdentifier>{6f3474b3-593e-442f-9a38-d93c9dbc1674}</UniqueIdentifier>
    </Filter>
  </ItemGroup>
  <ItemGroup>
    <None Include="packages.config" />
    <None Include="Shaders\simple_vshader.glsl">
      <Filter>Shaders</Filter>
    </None>
    <None Include="Shaders\colorvec_fshader.glsl">
      <Filter>Shaders</Filter>
    </None>
    <None Include="Shaders\tex5_fshader.glsl">
      <Filter>Shaders</Filter>
    </None>
    <None Include="Shaders\tex_fshader.glsl">
      <Filter>Shaders</Filter>
    </None>
  </ItemGroup>
  <ItemGroup>
    <ClCompile Include="main.cc">
      <Filter>Source Files</Filter>
    </ClCompile>
    <ClCompile Include="ShaderLoader.cc">
      <Filter>Core</Filter>
    </ClCompile>
    <ClCompile Include="GUI.cc">
      <Filter>GUI</Filter>
    </ClCompile>
    <ClCompile Include="Button.cc">
      <Filter>GUI</Filter>
    </ClCompile>
    <ClCompile Include="LeapmotionPointer.cc">
      <Filter>GUI</Filter>
    </ClCompile>
    <ClCompile Include="TrashCan.cc">
      <Filter>GUI</Filter>
    </ClCompile>
    <ClCompile Include="MovableStructure.cc">
      <Filter>GUI</Filter>
    </ClCompile>
    <ClCompile Include="HalfModule.cc">
      <Filter>Scene</Filter>
    </ClCompile>
    <ClCompile Include="Cube.cc">
      <Filter>Scene</Filter>
    </ClCompile>
    <ClCompile Include="Model.cc">
      <Filter>Scene</Filter>
    </ClCompile>
    <ClCompile Include="OBJModel.cc">
      <Filter>Scene</Filter>
    </ClCompile>
    <ClCompile Include="Quad.cc">
      <Filter>Scene</Filter>
    </ClCompile>
    <ClCompile Include="RoomBot.cc">
      <Filter>Scene</Filter>
    </ClCompile>
    <ClCompile Include="Scene.cc">
      <Filter>Scene</Filter>
    </ClCompile>
    <ClCompile Include="RiftHandler.cc">
      <Filter>Core</Filter>
    </ClCompile>
    <ClCompile Include="Position.cc">
      <Filter>Core</Filter>
    </ClCompile>
    <ClCompile Include="BrutePathFinder.cc">
      <Filter>Simulation</Filter>
    </ClCompile>
    <ClCompile Include="Simulation.cc">
      <Filter>Simulation</Filter>
    </ClCompile>
    <ClCompile Include="Simulator.cc">
      <Filter>Simulation</Filter>
    </ClCompile>
    <ClCompile Include="Structure.cc">
      <Filter>Scene</Filter>
    </ClCompile>
  </ItemGroup>
  <ItemGroup>
    <ClInclude Include="ShaderLoader.hh">
      <Filter>Core</Filter>
    </ClInclude>
    <ClInclude Include="DepthBuffer.hh">
      <Filter>Core</Filter>
    </ClInclude>
    <ClInclude Include="TextureBuffer.hh">
      <Filter>Core</Filter>
    </ClInclude>
    <ClInclude Include="GUI.hh">
      <Filter>GUI</Filter>
    </ClInclude>
    <ClInclude Include="Button.hh">
      <Filter>GUI</Filter>
    </ClInclude>
    <ClInclude Include="LeapmotionPointer.hh">
      <Filter>GUI</Filter>
    </ClInclude>
    <ClInclude Include="common.hh">
      <Filter>Core</Filter>
    </ClInclude>
    <ClInclude Include="TrashCan.hh">
      <Filter>GUI</Filter>
    </ClInclude>
    <ClInclude Include="MovableStructure.hh">
      <Filter>GUI</Filter>
    </ClInclude>
    <ClInclude Include="Scene.hh">
      <Filter>Scene</Filter>
    </ClInclude>
    <ClInclude Include="RoomBot.hh">
      <Filter>Scene</Filter>
    </ClInclude>
    <ClInclude Include="Quad.hh">
      <Filter>Scene</Filter>
    </ClInclude>
    <ClInclude Include="OBJModel.hh">
      <Filter>Scene</Filter>
    </ClInclude>
    <ClInclude Include="Model.hh">
      <Filter>Scene</Filter>
    </ClInclude>
    <ClInclude Include="HalfModule.hh">
      <Filter>Scene</Filter>
    </ClInclude>
    <ClInclude Include="Cube.hh">
      <Filter>Scene</Filter>
    </ClInclude>
    <ClInclude Include="RiftHandler.hh">
      <Filter>Core</Filter>
    </ClInclude>
    <ClInclude Include="Position.hh">
      <Filter>Core</Filter>
    </ClInclude>
    <ClInclude Include="BrutePathFinder.hh">
      <Filter>Simulation</Filter>
    </ClInclude>
    <ClInclude Include="PathFinder.hh">
      <Filter>Simulation</Filter>
    </ClInclude>
    <ClInclude Include="Simulation.hh">
      <Filter>Simulation</Filter>
    </ClInclude>
    <ClInclude Include="Simulator.hh">
      <Filter>Simulation</Filter>
    </ClInclude>
    <ClInclude Include="Structure.hh">
      <Filter>Scene</Filter>
    </ClInclude>
  </ItemGroup>
</Project>